
Microsoft Visual Studio Solution File, Format Version 12.00
# Visual Studio Version 16
VisualStudioVersion = 16.0.32228.343
MinimumVisualStudioVersion = 10.0.40219.1
Project("{FAE04EC0-301F-11D3-BF4B-00C04F79EFBC}") = "Step317", "Step317\Step317.csproj", "{F30A4C3F-6EA8-483C-A482-3213E5EB9177}"
EndProject
Global
	GlobalSection(SolutionConfigurationPlatforms) = preSolution
		Debug|Any CPU = Debug|Any CPU
		Release|Any CPU = Release|Any CPU
	EndGlobalSection
	GlobalSection(ProjectConfigurationPlatforms) = postSolution
		{F30A4C3F-6EA8-483C-A482-3213E5EB9177}.Debug|Any CPU.ActiveCfg = Debug|Any CPU
		{F30A4C3F-6EA8-483C-A482-3213E5EB9177}.Debug|Any CPU.Build.0 = Debug|Any CPU
		{F30A4C3F-6EA8-483C-A482-3213E5EB9177}.Release|Any CPU.ActiveCfg = Release|Any CPU
		{F30A4C3F-6EA8-483C-A482-3213E5EB9177}.Release|Any CPU.Build.0 = Release|Any CPU
	EndGlobalSection
	GlobalSection(SolutionProperties) = preSolution
		HideSolutionNode = FALSE
	EndGlobalSection
	GlobalSection(ExtensibilityGlobals) = postSolution
		SolutionGuid = {84225E7B-D582-47B3-A2B1-72E29FEBB23B}
	EndGlobalSection
EndGlobal
