
Microsoft Visual Studio Solution File, Format Version 12.00
# Visual Studio Version 16
VisualStudioVersion = 16.0.32228.343
MinimumVisualStudioVersion = 10.0.40219.1
Project("{FAE04EC0-301F-11D3-BF4B-00C04F79EFBC}") = "Step383", "Step383\Step383.csproj", "{9289DE5C-9826-4674-BCC4-BBD9864E19EB}"
EndProject
Global
	GlobalSection(SolutionConfigurationPlatforms) = preSolution
		Debug|Any CPU = Debug|Any CPU
		Release|Any CPU = Release|Any CPU
	EndGlobalSection
	GlobalSection(ProjectConfigurationPlatforms) = postSolution
		{9289DE5C-9826-4674-BCC4-BBD9864E19EB}.Debug|Any CPU.ActiveCfg = Debug|Any CPU
		{9289DE5C-9826-4674-BCC4-BBD9864E19EB}.Debug|Any CPU.Build.0 = Debug|Any CPU
		{9289DE5C-9826-4674-BCC4-BBD9864E19EB}.Release|Any CPU.ActiveCfg = Release|Any CPU
		{9289DE5C-9826-4674-BCC4-BBD9864E19EB}.Release|Any CPU.Build.0 = Release|Any CPU
	EndGlobalSection
	GlobalSection(SolutionProperties) = preSolution
		HideSolutionNode = FALSE
	EndGlobalSection
	GlobalSection(ExtensibilityGlobals) = postSolution
		SolutionGuid = {DB3C356A-66B5-4C4C-9700-6139E79AFAC4}
	EndGlobalSection
EndGlobal
