
Microsoft Visual Studio Solution File, Format Version 12.00
# Visual Studio Version 16
VisualStudioVersion = 16.0.32228.343
MinimumVisualStudioVersion = 10.0.40219.1
Project("{FAE04EC0-301F-11D3-BF4B-00C04F79EFBC}") = "Step324", "Step324\Step324.csproj", "{95E5570D-4473-4A3D-91EE-803D78A25472}"
EndProject
Global
	GlobalSection(SolutionConfigurationPlatforms) = preSolution
		Debug|Any CPU = Debug|Any CPU
		Release|Any CPU = Release|Any CPU
	EndGlobalSection
	GlobalSection(ProjectConfigurationPlatforms) = postSolution
		{95E5570D-4473-4A3D-91EE-803D78A25472}.Debug|Any CPU.ActiveCfg = Debug|Any CPU
		{95E5570D-4473-4A3D-91EE-803D78A25472}.Debug|Any CPU.Build.0 = Debug|Any CPU
		{95E5570D-4473-4A3D-91EE-803D78A25472}.Release|Any CPU.ActiveCfg = Release|Any CPU
		{95E5570D-4473-4A3D-91EE-803D78A25472}.Release|Any CPU.Build.0 = Release|Any CPU
	EndGlobalSection
	GlobalSection(SolutionProperties) = preSolution
		HideSolutionNode = FALSE
	EndGlobalSection
	GlobalSection(ExtensibilityGlobals) = postSolution
		SolutionGuid = {2A6332A5-9F74-40DF-A99D-5BCF4D09D84E}
	EndGlobalSection
EndGlobal
