
Microsoft Visual Studio Solution File, Format Version 12.00
# Visual Studio Version 16
VisualStudioVersion = 16.0.32228.343
MinimumVisualStudioVersion = 10.0.40219.1
Project("{FAE04EC0-301F-11D3-BF4B-00C04F79EFBC}") = "DateTimeDrill", "DateTimeDrill\DateTimeDrill.csproj", "{FD5A3725-2CA3-4F3D-9FF5-4643A0F84244}"
EndProject
Global
	GlobalSection(SolutionConfigurationPlatforms) = preSolution
		Debug|Any CPU = Debug|Any CPU
		Release|Any CPU = Release|Any CPU
	EndGlobalSection
	GlobalSection(ProjectConfigurationPlatforms) = postSolution
		{FD5A3725-2CA3-4F3D-9FF5-4643A0F84244}.Debug|Any CPU.ActiveCfg = Debug|Any CPU
		{FD5A3725-2CA3-4F3D-9FF5-4643A0F84244}.Debug|Any CPU.Build.0 = Debug|Any CPU
		{FD5A3725-2CA3-4F3D-9FF5-4643A0F84244}.Release|Any CPU.ActiveCfg = Release|Any CPU
		{FD5A3725-2CA3-4F3D-9FF5-4643A0F84244}.Release|Any CPU.Build.0 = Release|Any CPU
	EndGlobalSection
	GlobalSection(SolutionProperties) = preSolution
		HideSolutionNode = FALSE
	EndGlobalSection
	GlobalSection(ExtensibilityGlobals) = postSolution
		SolutionGuid = {C05F259C-B70B-44A7-8CE7-B89ED5ECFCDB}
	EndGlobalSection
EndGlobal
