
Microsoft Visual Studio Solution File, Format Version 12.00
# Visual Studio Version 16
VisualStudioVersion = 16.0.32228.343
MinimumVisualStudioVersion = 10.0.40219.1
Project("{FAE04EC0-301F-11D3-BF4B-00C04F79EFBC}") = "Step281", "Step281\Step281.csproj", "{6C39D4C0-1311-442E-BE4C-AAE8E0F9EDF5}"
EndProject
Global
	GlobalSection(SolutionConfigurationPlatforms) = preSolution
		Debug|Any CPU = Debug|Any CPU
		Release|Any CPU = Release|Any CPU
	EndGlobalSection
	GlobalSection(ProjectConfigurationPlatforms) = postSolution
		{6C39D4C0-1311-442E-BE4C-AAE8E0F9EDF5}.Debug|Any CPU.ActiveCfg = Debug|Any CPU
		{6C39D4C0-1311-442E-BE4C-AAE8E0F9EDF5}.Debug|Any CPU.Build.0 = Debug|Any CPU
		{6C39D4C0-1311-442E-BE4C-AAE8E0F9EDF5}.Release|Any CPU.ActiveCfg = Release|Any CPU
		{6C39D4C0-1311-442E-BE4C-AAE8E0F9EDF5}.Release|Any CPU.Build.0 = Release|Any CPU
	EndGlobalSection
	GlobalSection(SolutionProperties) = preSolution
		HideSolutionNode = FALSE
	EndGlobalSection
	GlobalSection(ExtensibilityGlobals) = postSolution
		SolutionGuid = {F9B08D13-6B22-475E-80BB-37E35981C16B}
	EndGlobalSection
EndGlobal
